
Microsoft Visual Studio Solution File, Format Version 12.00
# Visual Studio Version 16
VisualStudioVersion = 16.0.33328.57
MinimumVisualStudioVersion = 10.0.40219.1
Project("{C9674DCB-5085-4A16-B785-4C70DD1589BD}") = "testeGit_e_github", "testeGit_e_github\testeGit_e_github.dtproj", "{07D114C3-BD19-4931-BC50-CF5EAE8CFFAC}"
EndProject
Global
	GlobalSection(SolutionConfigurationPlatforms) = preSolution
		Development|Default = Development|Default
	EndGlobalSection
	GlobalSection(ProjectConfigurationPlatforms) = postSolution
		{07D114C3-BD19-4931-BC50-CF5EAE8CFFAC}.Development|Default.ActiveCfg = Development
		{07D114C3-BD19-4931-BC50-CF5EAE8CFFAC}.Development|Default.Build.0 = Development
	EndGlobalSection
	GlobalSection(SolutionProperties) = preSolution
		HideSolutionNode = FALSE
	EndGlobalSection
	GlobalSection(ExtensibilityGlobals) = postSolution
		SolutionGuid = {7CD1248C-4336-48B5-BF65-4C80EEDD2D76}
	EndGlobalSection
EndGlobal
